
Microsoft Visual Studio Solution File, Format Version 12.00
# Visual Studio Version 16
VisualStudioVersion = 16.0.29519.87
MinimumVisualStudioVersion = 10.0.40219.1
Project("{FAE04EC0-301F-11D3-BF4B-00C04F79EFBC}") = "ArvatoTest", "ArvatoTest\ArvatoTest.csproj", "{67230FE2-3E04-45EA-98D0-AD6D22A5B2D6}"
EndProject
Project("{9A19103F-16F7-4668-BE54-9A1E7A4F7556}") = "DataGenerators", "DataGenerators\DataGenerators.csproj", "{68CA1C95-726D-42D5-AEF2-50BE5D4CCC40}"
EndProject
Project("{9A19103F-16F7-4668-BE54-9A1E7A4F7556}") = "ServiceManager", "ServiceManager\ServiceManager.csproj", "{43E256AB-498F-484D-A1DF-D79867894F12}"
EndProject
Project("{FAE04EC0-301F-11D3-BF4B-00C04F79EFBC}") = "BddTestsAccountValidation", "BddTestsAccountValidation\BddTestsAccountValidation.csproj", "{20EA79B3-5EBF-43D7-AAD0-03AB5227BD84}"
EndProject
Global
	GlobalSection(SolutionConfigurationPlatforms) = preSolution
		Debug|Any CPU = Debug|Any CPU
		Release|Any CPU = Release|Any CPU
	EndGlobalSection
	GlobalSection(ProjectConfigurationPlatforms) = postSolution
		{67230FE2-3E04-45EA-98D0-AD6D22A5B2D6}.Debug|Any CPU.ActiveCfg = Debug|Any CPU
		{67230FE2-3E04-45EA-98D0-AD6D22A5B2D6}.Debug|Any CPU.Build.0 = Debug|Any CPU
		{67230FE2-3E04-45EA-98D0-AD6D22A5B2D6}.Release|Any CPU.ActiveCfg = Release|Any CPU
		{67230FE2-3E04-45EA-98D0-AD6D22A5B2D6}.Release|Any CPU.Build.0 = Release|Any CPU
		{68CA1C95-726D-42D5-AEF2-50BE5D4CCC40}.Debug|Any CPU.ActiveCfg = Debug|Any CPU
		{68CA1C95-726D-42D5-AEF2-50BE5D4CCC40}.Debug|Any CPU.Build.0 = Debug|Any CPU
		{68CA1C95-726D-42D5-AEF2-50BE5D4CCC40}.Release|Any CPU.ActiveCfg = Release|Any CPU
		{68CA1C95-726D-42D5-AEF2-50BE5D4CCC40}.Release|Any CPU.Build.0 = Release|Any CPU
		{43E256AB-498F-484D-A1DF-D79867894F12}.Debug|Any CPU.ActiveCfg = Debug|Any CPU
		{43E256AB-498F-484D-A1DF-D79867894F12}.Debug|Any CPU.Build.0 = Debug|Any CPU
		{43E256AB-498F-484D-A1DF-D79867894F12}.Release|Any CPU.ActiveCfg = Release|Any CPU
		{43E256AB-498F-484D-A1DF-D79867894F12}.Release|Any CPU.Build.0 = Release|Any CPU
		{20EA79B3-5EBF-43D7-AAD0-03AB5227BD84}.Debug|Any CPU.ActiveCfg = Debug|Any CPU
		{20EA79B3-5EBF-43D7-AAD0-03AB5227BD84}.Debug|Any CPU.Build.0 = Debug|Any CPU
		{20EA79B3-5EBF-43D7-AAD0-03AB5227BD84}.Release|Any CPU.ActiveCfg = Release|Any CPU
		{20EA79B3-5EBF-43D7-AAD0-03AB5227BD84}.Release|Any CPU.Build.0 = Release|Any CPU
	EndGlobalSection
	GlobalSection(SolutionProperties) = preSolution
		HideSolutionNode = FALSE
	EndGlobalSection
	GlobalSection(ExtensibilityGlobals) = postSolution
		SolutionGuid = {29A335AD-500A-4A81-99D4-A1F20A21FA83}
	EndGlobalSection
EndGlobal
